<?xml version="1.0" encoding="utf-8"?>
<Project ToolsVersion="4.0" xmlns="http://schemas.microsoft.com/developer/msbuild/2003">
  <ItemGroup>
    <Filter Include="Library">
      <UniqueIdentifier>{d5173dcf-2786-4f98-bd55-d03549637dfe}</UniqueIdentifier>
    </Filter>
    <Filter Include="Src">
      <UniqueIdentifier>{80d0a5a9-6779-4863-bede-cc22a4986dc5}</UniqueIdentifier>
    </Filter>
    <Filter Include="Src\Framework">
      <UniqueIdentifier>{f5928314-3ee2-4e39-abfa-d93aa9ee5891}</UniqueIdentifier>
    </Filter>
    <Filter Include="Src\Framework\Direct3D">
      <UniqueIdentifier>{f193abd5-e51c-466e-a937-722bc9175e9a}</UniqueIdentifier>
    </Filter>
    <Filter Include="Src\Framework\Utility">
      <UniqueIdentifier>{f5d733b1-5031-4659-a9d4-0dd3add1e5fb}</UniqueIdentifier>
    </Filter>
    <Filter Include="Src\Framework\Window">
      <UniqueIdentifier>{cb022f2a-c5a2-449b-9b70-5110aff8550f}</UniqueIdentifier>
    </Filter>
    <Filter Include="Library\tinygltf">
      <UniqueIdentifier>{307bfbcd-124f-4ad7-85f5-3fd94f814b1f}</UniqueIdentifier>
    </Filter>
    <Filter Include="Src\Framework\Shader">
      <UniqueIdentifier>{93543c0c-58fe-4a94-8279-7be3021b65b1}</UniqueIdentifier>
    </Filter>
    <Filter Include="Src\Framework\Shader\SpriteShader">
      <UniqueIdentifier>{2da4d471-f4e8-4b2d-bdef-b93f91523b8b}</UniqueIdentifier>
    </Filter>
    <Filter Include="Src\Application">
      <UniqueIdentifier>{d0d0f9cf-dabd-4346-bc9a-d9c04cf42372}</UniqueIdentifier>
    </Filter>
    <Filter Include="Src\Framework\Math">
      <UniqueIdentifier>{04f33e76-24f0-4a58-9355-5770b3f6f9c6}</UniqueIdentifier>
    </Filter>
    <Filter Include="Src\Framework\Audio">
      <UniqueIdentifier>{2a0de30f-d7e8-4517-a9a1-20de6e434592}</UniqueIdentifier>
    </Filter>
    <Filter Include="Src\Framework\Shader\PostProcessShader">
      <UniqueIdentifier>{bfef98c3-f0b2-41b1-b813-6f298072287b}</UniqueIdentifier>
    </Filter>
    <Filter Include="Src\Framework\Input">
      <UniqueIdentifier>{9bd33b87-53db-4bc0-b98d-80db98f4ba9b}</UniqueIdentifier>
    </Filter>
    <Filter Include="Src\Framework\Direct3D\Polygon">
      <UniqueIdentifier>{b91bce2d-4487-485a-a855-b2bb6ce0d30b}</UniqueIdentifier>
    </Filter>
    <Filter Include="Src\Framework\Shader\StandardShader">
      <UniqueIdentifier>{857913be-4481-4606-9719-87518d4a6aeb}</UniqueIdentifier>
    </Filter>
    <Filter Include="Src\Framework\Effekseer">
      <UniqueIdentifier>{c81b93e4-2f33-496a-985e-98658f1cec51}</UniqueIdentifier>
    </Filter>
    <Filter Include="Library\imgui">
      <UniqueIdentifier>{9e2b992a-9c34-450b-a4cf-c4749feebcc6}</UniqueIdentifier>
    </Filter>
    <Filter Include="Src\Application\GameObject">
      <UniqueIdentifier>{9858b20c-c4cb-4133-9eda-b28c74235aa7}</UniqueIdentifier>
    </Filter>
    <Filter Include="Src\Application\GameObject\Camera">
      <UniqueIdentifier>{837cb603-8bef-438b-9814-1f88afc4f616}</UniqueIdentifier>
    </Filter>
    <Filter Include="Src\Engine">
      <UniqueIdentifier>{8a132463-4825-484f-9cbc-d608d18e77a1}</UniqueIdentifier>
    </Filter>
    <Filter Include="Src\Engine\Components">
      <UniqueIdentifier>{721f3b58-5177-4af9-bfc9-8d208cd865c9}</UniqueIdentifier>
    </Filter>
    <Filter Include="Src\Engine\Core">
      <UniqueIdentifier>{81a95dfa-6266-4e81-bac2-e13f5a6bdb56}</UniqueIdentifier>
    </Filter>
    <Filter Include="Src\Engine\ECS">
      <UniqueIdentifier>{27efc0ee-1763-46d3-97f4-0a629a6b1f94}</UniqueIdentifier>
    </Filter>
    <Filter Include="Src\Engine\Scene">
      <UniqueIdentifier>{779a74e2-c653-4768-b1b8-6e073f28c971}</UniqueIdentifier>
    </Filter>
    <Filter Include="Src\Engine\ImGui">
      <UniqueIdentifier>{1dd9ddaa-8adc-4a20-b886-d8bacae7b8ba}</UniqueIdentifier>
    </Filter>
    <Filter Include="Src\Engine\ImGui\Log">
      <UniqueIdentifier>{68738f32-a9b2-4bd9-9ad8-2e3cadf26a30}</UniqueIdentifier>
    </Filter>
    <Filter Include="Src\Engine\ImGui\Debug">
      <UniqueIdentifier>{52e11a2a-2384-480e-a68b-4c5d06cddd13}</UniqueIdentifier>
    </Filter>
    <Filter Include="Src\Engine\ImGui\Debug\Animation">
      <UniqueIdentifier>{dc6260b6-22e9-4b11-a15b-1dda1a4647c1}</UniqueIdentifier>
    </Filter>
    <Filter Include="Src\Engine\ImGui\Editor">
      <UniqueIdentifier>{e497bda7-8484-44a0-badc-5b53f27d7878}</UniqueIdentifier>
    </Filter>
    <Filter Include="Src\Engine\ImGui\Editor\EditorUI">
      <UniqueIdentifier>{b3cdd004-cf02-432c-912e-d26885343041}</UniqueIdentifier>
    </Filter>
    <Filter Include="Src\Engine\ImGui\Editor\EditorCamera">
      <UniqueIdentifier>{1cb620b0-1dcf-4107-825a-622b11bb7b4a}</UniqueIdentifier>
    </Filter>
    <Filter Include="Src\Engine\ImGui\Editor\EditorScene">
      <UniqueIdentifier>{335fb227-64be-4ebd-b3b5-8d6978474e32}</UniqueIdentifier>
    </Filter>
    <Filter Include="Src\Engine\ImGui\Editor\EditorUI\Panels">
      <UniqueIdentifier>{072e09b5-88a9-480a-acc2-284d791875f7}</UniqueIdentifier>
    </Filter>
    <Filter Include="Src\Engine\Serializer">
      <UniqueIdentifier>{2d81e9c7-8e0a-4f4d-8069-72ab264d4fdb}</UniqueIdentifier>
    </Filter>
    <Filter Include="Src\Framework\Utility\KdDebug">
      <UniqueIdentifier>{7e252f42-0953-43c7-a98c-20e6c51bdebc}</UniqueIdentifier>
    </Filter>
    <Filter Include="Src\Engine\ImGui\Editor\Command">
      <UniqueIdentifier>{499d64ee-af07-4381-8411-13a6455a7bb8}</UniqueIdentifier>
    </Filter>
    <Filter Include="Src\Engine\Core\Thread">
      <UniqueIdentifier>{be50c04e-41cd-4747-ae4f-c107e3a94979}</UniqueIdentifier>
    </Filter>
    <Filter Include="Src\Engine\Core\Thread\Profiler">
      <UniqueIdentifier>{cb018afb-4105-4620-a8f3-98bf3fd3e53d}</UniqueIdentifier>
    </Filter>
    <Filter Include="Src\Engine\Core\Thread\Asset">
      <UniqueIdentifier>{aa044ea9-0aca-41a2-a176-76fb1224315a}</UniqueIdentifier>
    </Filter>
    <Filter Include="Src\Application\GameObject\Camera\TPSCamera">
      <UniqueIdentifier>{1b23f803-1e29-4dbf-9353-6683214b7d63}</UniqueIdentifier>
    </Filter>
    <Filter Include="Src\Application\GameObject\Camera\FPSCamera">
      <UniqueIdentifier>{1dd457a6-7a61-4359-9c9d-8c9ed5367a71}</UniqueIdentifier>
    </Filter>
    <Filter Include="Src\Application\GameObject\Camera\CCTVCamera">
      <UniqueIdentifier>{65939465-82ae-4b35-b109-765a1541685d}</UniqueIdentifier>
    </Filter>
    <Filter Include="Src\Application\GameObject\Scene">
      <UniqueIdentifier>{4088fc5f-8807-4ed8-b585-0b31df7cdae1}</UniqueIdentifier>
    </Filter>
    <Filter Include="Src\Application\GameObject\Scene\GameScene">
      <UniqueIdentifier>{b5ef991f-b03f-494f-abfc-672331d2deb4}</UniqueIdentifier>
    </Filter>
    <Filter Include="Src\Application\GameObject\Scene\TitleScene">
      <UniqueIdentifier>{131e59a0-51b1-4883-8411-0fefd9d64987}</UniqueIdentifier>
    </Filter>
    <Filter Include="Src\Application\GameObject\Scene\ResultScene">
      <UniqueIdentifier>{3f1490bd-a851-4112-a12b-d0db13bfd1ef}</UniqueIdentifier>
    </Filter>
    <Filter Include="Src\Application\GameObject\Scene\BaseScene">
      <UniqueIdentifier>{89afb2e5-b427-4cf8-bc46-d914fd90cb5e}</UniqueIdentifier>
    </Filter>
    <Filter Include="Src\Engine\ImGui\Editor\File">
      <UniqueIdentifier>{0cf69836-ca75-4417-ad11-4963063ce65b}</UniqueIdentifier>
    </Filter>
    <Filter Include="Library\imgui\dirent">
      <UniqueIdentifier>{85ed77f6-f00c-455e-b61e-fc35fe2f671f}</UniqueIdentifier>
    </Filter>
    <Filter Include="Src\Engine\Components\Action">
      <UniqueIdentifier>{0850b480-7820-4ba8-9c58-771beb969ec5}</UniqueIdentifier>
    </Filter>
    <Filter Include="Src\Engine\Components\Action\Player">
      <UniqueIdentifier>{c8ee7d30-8af0-4d21-af65-55753c75fb0e}</UniqueIdentifier>
    </Filter>
    <Filter Include="Src\Engine\Components\Transform">
      <UniqueIdentifier>{9c76ea4d-b6ac-478e-9808-48cc1b355466}</UniqueIdentifier>
    </Filter>
    <Filter Include="Src\Engine\Components\Collider">
      <UniqueIdentifier>{dbf49feb-99eb-4c6a-8556-021c62514916}</UniqueIdentifier>
    </Filter>
    <Filter Include="Src\Engine\Components\Render">
      <UniqueIdentifier>{796ae7d4-cbe6-4442-85b9-2c7571460743}</UniqueIdentifier>
    </Filter>
  </ItemGroup>
  <ItemGroup>
    <ClInclude Include="src\Pch.h">
      <Filter>Src</Filter>
    </ClInclude>
    <ClInclude Include="..\Library\tinygltf\json.hpp">
      <Filter>Library\tinygltf</Filter>
    </ClInclude>
    <ClInclude Include="..\Library\tinygltf\stb_image.h">
      <Filter>Library\tinygltf</Filter>
    </ClInclude>
    <ClInclude Include="..\Library\tinygltf\stb_image_write.h">
      <Filter>Library\tinygltf</Filter>
    </ClInclude>
    <ClInclude Include="..\Library\tinygltf\tiny_gltf.h">
      <Filter>Library\tinygltf</Filter>
    </ClInclude>
    <ClInclude Include="src\Framework\Direct3D\KdDirect3D.h">
      <Filter>Src\Framework\Direct3D</Filter>
    </ClInclude>
    <ClInclude Include="src\Framework\Direct3D\KdTexture.h">
      <Filter>Src\Framework\Direct3D</Filter>
    </ClInclude>
    <ClInclude Include="src\Framework\Direct3D\KdBuffer.h">
      <Filter>Src\Framework\Direct3D</Filter>
    </ClInclude>
    <ClInclude Include="Src\Framework\Direct3D\KdGLTFLoader.h">
      <Filter>Src\Framework\Direct3D</Filter>
    </ClInclude>
    <ClInclude Include="Src\Framework\Shader\KdShaderManager.h">
      <Filter>Src\Framework\Shader</Filter>
    </ClInclude>
    <ClInclude Include="Src\Framework\Shader\SpriteShader\KdSpriteShader.h">
      <Filter>Src\Framework\Shader\SpriteShader</Filter>
    </ClInclude>
    <ClInclude Include="src\Framework\Utility\KdUtility.h">
      <Filter>Src\Framework\Utility</Filter>
    </ClInclude>
    <ClInclude Include="src\Framework\KdFramework.h">
      <Filter>Src\Framework</Filter>
    </ClInclude>
    <ClInclude Include="..\Library\strconv.h">
      <Filter>Library</Filter>
    </ClInclude>
    <ClInclude Include="src\Framework\Window\KdWindow.h">
      <Filter>Src\Framework\Window</Filter>
    </ClInclude>
    <ClInclude Include="src\Framework\Direct3D\KdMesh.h">
      <Filter>Src\Framework\Direct3D</Filter>
    </ClInclude>
    <ClInclude Include="Src\Framework\Direct3D\KdModel.h">
      <Filter>Src\Framework\Direct3D</Filter>
    </ClInclude>
    <ClInclude Include="Src\Framework\Math\KdCollision.h">
      <Filter>Src\Framework\Math</Filter>
    </ClInclude>
    <ClInclude Include="Src\Framework\Math\KdAnimation.h">
      <Filter>Src\Framework\Math</Filter>
    </ClInclude>
    <ClInclude Include="Src\Framework\Audio\KdAudio.h">
      <Filter>Src\Framework\Audio</Filter>
    </ClInclude>
    <ClInclude Include="Src\Framework\Direct3D\KdCamera.h">
      <Filter>Src\Framework\Direct3D</Filter>
    </ClInclude>
    <ClInclude Include="Src\Framework\Shader\PostProcessShader\KdPostProcessShader.h">
      <Filter>Src\Framework\Shader\PostProcessShader</Filter>
    </ClInclude>
    <ClInclude Include="Src\Framework\Math\KdCollider.h">
      <Filter>Src\Framework\Math</Filter>
    </ClInclude>
    <ClInclude Include="Src\Framework\Math\KdEasing.h">
      <Filter>Src\Framework\Math</Filter>
    </ClInclude>
    <ClInclude Include="Src\Framework\Input\KdInput.h">
      <Filter>Src\Framework\Input</Filter>
    </ClInclude>
    <ClInclude Include="Src\Framework\Utility\KdCSVData.h">
      <Filter>Src\Framework\Utility</Filter>
    </ClInclude>
    <ClInclude Include="Src\Framework\Direct3D\Polygon\KdPolygon.h">
      <Filter>Src\Framework\Direct3D\Polygon</Filter>
    </ClInclude>
    <ClInclude Include="Src\Framework\Direct3D\Polygon\KdSquarePolygon.h">
      <Filter>Src\Framework\Direct3D\Polygon</Filter>
    </ClInclude>
    <ClInclude Include="Src\Framework\Direct3D\Polygon\KdTrailPolygon.h">
      <Filter>Src\Framework\Direct3D\Polygon</Filter>
    </ClInclude>
    <ClInclude Include="Src\Framework\Direct3D\KdMaterial.h">
      <Filter>Src\Framework\Direct3D</Filter>
    </ClInclude>
    <ClInclude Include="Src\Framework\Utility\KdDataStorage.h">
      <Filter>Src\Framework\Utility</Filter>
    </ClInclude>
    <ClInclude Include="Src\Framework\Shader\KdAmbientController.h">
      <Filter>Src\Framework\Shader</Filter>
    </ClInclude>
    <ClInclude Include="Src\Framework\Math\KdUVAnimation.h">
      <Filter>Src\Framework\Math</Filter>
    </ClInclude>
    <ClInclude Include="Src\Framework\Shader\KdRenderTargetChange.h">
      <Filter>Src\Framework\Shader</Filter>
    </ClInclude>
    <ClInclude Include="Src\Framework\Utility\KdFPSController.h">
      <Filter>Src\Framework\Utility</Filter>
    </ClInclude>
    <ClInclude Include="Src\Framework\Shader\StandardShader\KdStandardShader.h">
      <Filter>Src\Framework\Shader\StandardShader</Filter>
    </ClInclude>
    <ClInclude Include="Src\Framework\Effekseer\KdEffekseerManager.h">
      <Filter>Src\Framework\Effekseer</Filter>
    </ClInclude>
    <ClInclude Include="Src\Framework\Utility\KdRandom.h">
      <Filter>Src\Framework\Utility</Filter>
    </ClInclude>
    <ClInclude Include="..\Library\imgui\imconfig.h">
      <Filter>Library\imgui</Filter>
    </ClInclude>
    <ClInclude Include="..\Library\imgui\imgui.h">
      <Filter>Library\imgui</Filter>
    </ClInclude>
    <ClInclude Include="..\Library\imgui\imgui_impl_dx11.h">
      <Filter>Library\imgui</Filter>
    </ClInclude>
    <ClInclude Include="..\Library\imgui\imgui_impl_win32.h">
      <Filter>Library\imgui</Filter>
    </ClInclude>
    <ClInclude Include="..\Library\imgui\imgui_internal.h">
      <Filter>Library\imgui</Filter>
    </ClInclude>
    <ClInclude Include="..\Library\imgui\imgui_stdlib.h">
      <Filter>Library\imgui</Filter>
    </ClInclude>
    <ClInclude Include="..\Library\imgui\imstb_rectpack.h">
      <Filter>Library\imgui</Filter>
    </ClInclude>
    <ClInclude Include="..\Library\imgui\imstb_textedit.h">
      <Filter>Library\imgui</Filter>
    </ClInclude>
    <ClInclude Include="..\Library\imgui\imstb_truetype.h">
      <Filter>Library\imgui</Filter>
    </ClInclude>
    <ClInclude Include="..\Library\imgui\ja_glyph_ranges.h">
      <Filter>Library\imgui</Filter>
    </ClInclude>
    <ClInclude Include="Src\Application\GameObject\Camera\CameraBase.h">
      <Filter>Src\Application\GameObject\Camera</Filter>
    </ClInclude>
    <ClInclude Include="Src\Engine\EnginePch.h">
      <Filter>Src\Engine</Filter>
    </ClInclude>
    <ClInclude Include="Src\Engine\Scene\Scene.h">
      <Filter>Src\Engine\Scene</Filter>
    </ClInclude>
    <ClInclude Include="Src\Engine\Scene\SceneManager.h">
      <Filter>Src\Engine\Scene</Filter>
    </ClInclude>
    <ClInclude Include="Src\Engine\ECS\Component.h">
      <Filter>Src\Engine\ECS</Filter>
    </ClInclude>
    <ClInclude Include="Src\Engine\ECS\Entity.h">
      <Filter>Src\Engine\ECS</Filter>
    </ClInclude>
    <ClInclude Include="Src\Engine\Core\Engine.h">
      <Filter>Src\Engine\Core</Filter>
    </ClInclude>
    <ClInclude Include="Src\Engine\ImGui\ImGuiManager.h">
      <Filter>Src\Engine\ImGui</Filter>
    </ClInclude>
    <ClInclude Include="Src\Engine\ImGui\Log\Logger.h">
      <Filter>Src\Engine\ImGui\Log</Filter>
    </ClInclude>
    <ClInclude Include="Src\Engine\ImGui\Editor\EditorManager.h">
      <Filter>Src\Engine\ImGui\Editor</Filter>
    </ClInclude>
    <ClInclude Include="Src\Engine\ImGui\Editor\EditorMode.h">
      <Filter>Src\Engine\ImGui\Editor</Filter>
    </ClInclude>
    <ClInclude Include="Src\Engine\ImGui\Editor\EditorUI\EditorUI.h">
      <Filter>Src\Engine\ImGui\Editor\EditorUI</Filter>
    </ClInclude>
    <ClInclude Include="Src\Engine\ImGui\Editor\EditorScene\EditorScene.h">
      <Filter>Src\Engine\ImGui\Editor\EditorScene</Filter>
    </ClInclude>
    <ClInclude Include="Src\Engine\ImGui\Editor\EditorCamera\EditorCamera.h">
      <Filter>Src\Engine\ImGui\Editor\EditorCamera</Filter>
    </ClInclude>
    <ClInclude Include="Src\Engine\ImGui\Debug\Animation\ImGuiAnimeDebug.h">
      <Filter>Src\Engine\ImGui\Debug\Animation</Filter>
    </ClInclude>
    <ClInclude Include="Src\Engine\ImGui\Editor\EditorUI\Panels\MainMenuBar.h">
      <Filter>Src\Engine\ImGui\Editor\EditorUI\Panels</Filter>
    </ClInclude>
    <ClInclude Include="Src\Engine\ImGui\Editor\EditorUI\Panels\SceneViewPanel.h">
      <Filter>Src\Engine\ImGui\Editor\EditorUI\Panels</Filter>
    </ClInclude>
    <ClInclude Include="Src\Engine\Serializer\SceneSerializer.h">
      <Filter>Src\Engine\Serializer</Filter>
    </ClInclude>
    <ClInclude Include="Src\Framework\Utility\KdDebug\KdDebugWireFrame.h">
      <Filter>Src\Framework\Utility\KdDebug</Filter>
    </ClInclude>
    <ClInclude Include="..\Library\imgui\ImGuizmo.h">
      <Filter>Library\imgui</Filter>
    </ClInclude>
    <ClInclude Include="Src\Engine\ImGui\Editor\Command\CmdTransform.h">
      <Filter>Src\Engine\ImGui\Editor\Command</Filter>
    </ClInclude>
    <ClInclude Include="Src\Engine\ImGui\Editor\Command\CommandBase.h">
      <Filter>Src\Engine\ImGui\Editor\Command</Filter>
    </ClInclude>
    <ClInclude Include="Src\Engine\ImGui\Editor\Command\CommandManager.h">
      <Filter>Src\Engine\ImGui\Editor\Command</Filter>
    </ClInclude>
    <ClInclude Include="Src\Engine\Core\Thread\ThreadManager.h">
      <Filter>Src\Engine\Core\Thread</Filter>
    </ClInclude>
    <ClInclude Include="Src\Engine\Core\Thread\Profiler\Profiler.h">
      <Filter>Src\Engine\Core\Thread\Profiler</Filter>
    </ClInclude>
    <ClInclude Include="Src\Engine\Core\Thread\Asset\AsyncAssetLoader.h">
      <Filter>Src\Engine\Core\Thread\Asset</Filter>
    </ClInclude>
    <ClInclude Include="Src\Application\GameObject\Camera\TPSCamera\TPSCamera.h">
      <Filter>Src\Application\GameObject\Camera\TPSCamera</Filter>
    </ClInclude>
    <ClInclude Include="Src\Application\GameObject\Camera\FPSCamera\FPSCamera.h">
      <Filter>Src\Application\GameObject\Camera\FPSCamera</Filter>
    </ClInclude>
    <ClInclude Include="Src\Application\GameObject\Camera\CCTVCamera\CCTVCamera.h">
      <Filter>Src\Application\GameObject\Camera\CCTVCamera</Filter>
    </ClInclude>
    <ClInclude Include="Src\Application\Scene\GameScene\GameScene.h">
      <Filter>Src\Application\GameObject\Scene\GameScene</Filter>
    </ClInclude>
    <ClInclude Include="Src\Application\Scene\ResultScene\ResultScene.h">
      <Filter>Src\Application\GameObject\Scene\ResultScene</Filter>
    </ClInclude>
    <ClInclude Include="Src\Application\Scene\TitleScene\TitleScene.h">
      <Filter>Src\Application\GameObject\Scene\TitleScene</Filter>
    </ClInclude>
    <ClInclude Include="Src\Application\Scene\BaseScene\BaseScene.h">
      <Filter>Src\Application\GameObject\Scene\BaseScene</Filter>
    </ClInclude>
    <ClInclude Include="Src\Application\main.h">
      <Filter>Src\Application\GameObject</Filter>
    </ClInclude>
    <ClInclude Include="..\Library\imgui\ImGuiFileDialog.h">
      <Filter>Library\imgui</Filter>
    </ClInclude>
    <ClInclude Include="..\Library\imgui\ImGuiFileDialogConfig.h">
      <Filter>Library\imgui</Filter>
    </ClInclude>
    <ClInclude Include="..\Library\imgui\stb_image.h">
      <Filter>Library\imgui</Filter>
    </ClInclude>
    <ClInclude Include="Src\Engine\ImGui\Editor\File\ImGuiFileBrowser.h">
      <Filter>Src\Engine\ImGui\Editor\File</Filter>
    </ClInclude>
    <ClInclude Include="..\Library\imgui\dirent\dirent.h">
      <Filter>Library\imgui\dirent</Filter>
    </ClInclude>
    <ClInclude Include="Src\Engine\Components\Transform\TransformComponent.h">
      <Filter>Src\Engine\Components\Transform</Filter>
    </ClInclude>
    <ClInclude Include="Src\Engine\Components\Render\RenderComponent.h">
      <Filter>Src\Engine\Components\Render</Filter>
    </ClInclude>
    <ClInclude Include="Src\Engine\Components\Collider\ColliderComponent.h">
      <Filter>Src\Engine\Components\Collider</Filter>
    </ClInclude>
    <ClInclude Include="Src\Engine\Components\Action\Player\ActionPlayerComponent.h">
      <Filter>Src\Engine\Components\Action\Player</Filter>
    </ClInclude>
    <ClInclude Include="Src\Engine\ECS\EntityManager.h">
      <Filter>Src\Engine\ECS</Filter>
    </ClInclude>
  </ItemGroup>
  <ItemGroup>
    <ClCompile Include="src\Pch.cpp">
      <Filter>Src</Filter>
    </ClCompile>
    <ClCompile Include="src\Framework\Direct3D\KdDirect3D.cpp">
      <Filter>Src\Framework\Direct3D</Filter>
    </ClCompile>
    <ClCompile Include="src\Framework\Direct3D\KdTexture.cpp">
      <Filter>Src\Framework\Direct3D</Filter>
    </ClCompile>
    <ClCompile Include="src\Framework\Direct3D\KdBuffer.cpp">
      <Filter>Src\Framework\Direct3D</Filter>
    </ClCompile>
    <ClCompile Include="Src\Framework\Direct3D\KdGLTFLoader.cpp">
      <Filter>Src\Framework\Direct3D</Filter>
    </ClCompile>
    <ClCompile Include="Src\Framework\Shader\KdShaderManager.cpp">
      <Filter>Src\Framework\Shader</Filter>
    </ClCompile>
    <ClCompile Include="Src\Framework\Shader\SpriteShader\KdSpriteShader.cpp">
      <Filter>Src\Framework\Shader\SpriteShader</Filter>
    </ClCompile>
    <ClCompile Include="src\Framework\Window\KdWindow.cpp">
      <Filter>Src\Framework\Window</Filter>
    </ClCompile>
    <ClCompile Include="Src\Framework\Utility\KdUtility.cpp">
      <Filter>Src\Framework\Utility</Filter>
    </ClCompile>
    <ClCompile Include="src\Framework\Direct3D\KdMesh.cpp">
      <Filter>Src\Framework\Direct3D</Filter>
    </ClCompile>
    <ClCompile Include="Src\Framework\Direct3D\KdModel.cpp">
      <Filter>Src\Framework\Direct3D</Filter>
    </ClCompile>
    <ClCompile Include="Src\Framework\Math\KdCollision.cpp">
      <Filter>Src\Framework\Math</Filter>
    </ClCompile>
    <ClCompile Include="Src\Framework\Math\KdAnimation.cpp">
      <Filter>Src\Framework\Math</Filter>
    </ClCompile>
    <ClCompile Include="Src\Framework\Audio\KdAudio.cpp">
      <Filter>Src\Framework\Audio</Filter>
    </ClCompile>
    <ClCompile Include="Src\Framework\Direct3D\KdCamera.cpp">
      <Filter>Src\Framework\Direct3D</Filter>
    </ClCompile>
    <ClCompile Include="Src\Framework\Shader\PostProcessShader\KdPostProcessShader.cpp">
      <Filter>Src\Framework\Shader\PostProcessShader</Filter>
    </ClCompile>
    <ClCompile Include="Src\Framework\Math\KdCollider.cpp">
      <Filter>Src\Framework\Math</Filter>
    </ClCompile>
    <ClCompile Include="Src\Framework\Math\KdEasing.cpp">
      <Filter>Src\Framework\Math</Filter>
    </ClCompile>
    <ClCompile Include="Src\Framework\Input\KdInput.cpp">
      <Filter>Src\Framework\Input</Filter>
    </ClCompile>
    <ClCompile Include="Src\Framework\Utility\KdCSVData.cpp">
      <Filter>Src\Framework\Utility</Filter>
    </ClCompile>
    <ClCompile Include="Src\Framework\Direct3D\Polygon\KdSquarePolygon.cpp">
      <Filter>Src\Framework\Direct3D\Polygon</Filter>
    </ClCompile>
    <ClCompile Include="Src\Framework\Direct3D\Polygon\KdTrailPolygon.cpp">
      <Filter>Src\Framework\Direct3D\Polygon</Filter>
    </ClCompile>
    <ClCompile Include="Src\Framework\Direct3D\KdMaterial.cpp">
      <Filter>Src\Framework\Direct3D</Filter>
    </ClCompile>
    <ClCompile Include="Src\Framework\Direct3D\Polygon\KdPolygon.cpp">
      <Filter>Src\Framework\Direct3D\Polygon</Filter>
    </ClCompile>
    <ClCompile Include="Src\Framework\Shader\KdAmbientController.cpp">
      <Filter>Src\Framework\Shader</Filter>
    </ClCompile>
    <ClCompile Include="Src\Framework\Math\KdUVAnimation.cpp">
      <Filter>Src\Framework\Math</Filter>
    </ClCompile>
    <ClCompile Include="Src\Framework\Shader\KdRenderTargetChange.cpp">
      <Filter>Src\Framework\Shader</Filter>
    </ClCompile>
    <ClCompile Include="Src\Framework\Utility\KdFPSController.cpp">
      <Filter>Src\Framework\Utility</Filter>
    </ClCompile>
    <ClCompile Include="Src\Framework\Shader\StandardShader\KdStandardShader.cpp">
      <Filter>Src\Framework\Shader\StandardShader</Filter>
    </ClCompile>
    <ClCompile Include="Src\Framework\Effekseer\KdEffekseerManager.cpp">
      <Filter>Src\Framework\Effekseer</Filter>
    </ClCompile>
    <ClCompile Include="..\Library\imgui\imgui.cpp">
      <Filter>Library\imgui</Filter>
    </ClCompile>
    <ClCompile Include="..\Library\imgui\imgui_demo.cpp">
      <Filter>Library\imgui</Filter>
    </ClCompile>
    <ClCompile Include="..\Library\imgui\imgui_draw.cpp">
      <Filter>Library\imgui</Filter>
    </ClCompile>
    <ClCompile Include="..\Library\imgui\imgui_impl_dx11.cpp">
      <Filter>Library\imgui</Filter>
    </ClCompile>
    <ClCompile Include="..\Library\imgui\imgui_impl_win32.cpp">
      <Filter>Library\imgui</Filter>
    </ClCompile>
    <ClCompile Include="..\Library\imgui\imgui_stdlib.cpp">
      <Filter>Library\imgui</Filter>
    </ClCompile>
    <ClCompile Include="..\Library\imgui\imgui_tables.cpp">
      <Filter>Library\imgui</Filter>
    </ClCompile>
    <ClCompile Include="..\Library\imgui\imgui_widgets.cpp">
      <Filter>Library\imgui</Filter>
    </ClCompile>
    <ClCompile Include="Src\Application\GameObject\Camera\CameraBase.cpp">
      <Filter>Src\Application\GameObject\Camera</Filter>
    </ClCompile>
    <ClCompile Include="Src\Engine\Scene\Scene.cpp">
      <Filter>Src\Engine\Scene</Filter>
    </ClCompile>
    <ClCompile Include="Src\Engine\Scene\SceneManager.cpp">
      <Filter>Src\Engine\Scene</Filter>
    </ClCompile>
    <ClCompile Include="Src\Engine\ECS\Entity.cpp">
      <Filter>Src\Engine\ECS</Filter>
    </ClCompile>
    <ClCompile Include="Src\Engine\Core\Engine.cpp">
      <Filter>Src\Engine\Core</Filter>
    </ClCompile>
    <ClCompile Include="Src\Engine\ImGui\ImGuiManager.cpp">
      <Filter>Src\Engine\ImGui</Filter>
    </ClCompile>
    <ClCompile Include="Src\Engine\ImGui\Log\Logger.cpp">
      <Filter>Src\Engine\ImGui\Log</Filter>
    </ClCompile>
    <ClCompile Include="Src\Engine\ImGui\Editor\EditorManager.cpp">
      <Filter>Src\Engine\ImGui\Editor</Filter>
    </ClCompile>
    <ClCompile Include="Src\Engine\ImGui\Editor\EditorUI\EditorUI.cpp">
      <Filter>Src\Engine\ImGui\Editor\EditorUI</Filter>
    </ClCompile>
    <ClCompile Include="Src\Engine\ImGui\Editor\EditorScene\EditorScene.cpp">
      <Filter>Src\Engine\ImGui\Editor\EditorScene</Filter>
    </ClCompile>
    <ClCompile Include="Src\Engine\ImGui\Editor\EditorCamera\EditorCamera.cpp">
      <Filter>Src\Engine\ImGui\Editor\EditorCamera</Filter>
    </ClCompile>
    <ClCompile Include="Src\Engine\ImGui\Debug\Animation\ImGuiAnimeDebug.cpp">
      <Filter>Src\Engine\ImGui\Debug\Animation</Filter>
    </ClCompile>
    <ClCompile Include="Src\Engine\ImGui\Editor\EditorUI\Panels\MainMenuBar.cpp">
      <Filter>Src\Engine\ImGui\Editor\EditorUI\Panels</Filter>
    </ClCompile>
    <ClCompile Include="Src\Engine\ImGui\Editor\EditorUI\Panels\SceneViewPanel.cpp">
      <Filter>Src\Engine\ImGui\Editor\EditorUI\Panels</Filter>
    </ClCompile>
    <ClCompile Include="Src\Engine\Serializer\SceneSerializer.cpp">
      <Filter>Src\Engine\Serializer</Filter>
    </ClCompile>
    <ClCompile Include="Src\Framework\Utility\KdDebug\KdDebugWireFrame.cpp">
      <Filter>Src\Framework\Utility\KdDebug</Filter>
    </ClCompile>
    <ClCompile Include="..\Library\imgui\ImGuizmo.cpp">
      <Filter>Library\imgui</Filter>
    </ClCompile>
    <ClCompile Include="Src\Engine\Core\Thread\ThreadManager.cpp">
      <Filter>Src\Engine\Core\Thread</Filter>
    </ClCompile>
    <ClCompile Include="Src\Engine\Core\Thread\Profiler\Profiler.cpp">
      <Filter>Src\Engine\Core\Thread\Profiler</Filter>
    </ClCompile>
    <ClCompile Include="Src\Engine\Core\Thread\Asset\AsyncAssetLoader.cpp">
      <Filter>Src\Engine\Core\Thread\Asset</Filter>
    </ClCompile>
    <ClCompile Include="Src\Application\GameObject\Camera\TPSCamera\TPSCamera.cpp">
      <Filter>Src\Application\GameObject\Camera\TPSCamera</Filter>
    </ClCompile>
    <ClCompile Include="Src\Application\GameObject\Camera\FPSCamera\FPSCamera.cpp">
      <Filter>Src\Application\GameObject\Camera\FPSCamera</Filter>
    </ClCompile>
    <ClCompile Include="Src\Application\GameObject\Camera\CCTVCamera\CCTVCamera.cpp">
      <Filter>Src\Application\GameObject\Camera\CCTVCamera</Filter>
    </ClCompile>
    <ClCompile Include="Src\Application\Scene\GameScene\GameScene.cpp">
      <Filter>Src\Application\GameObject\Scene\GameScene</Filter>
    </ClCompile>
    <ClCompile Include="Src\Application\Scene\ResultScene\ResultScene.cpp">
      <Filter>Src\Application\GameObject\Scene\ResultScene</Filter>
    </ClCompile>
    <ClCompile Include="Src\Application\Scene\TitleScene\TitleScene.cpp">
      <Filter>Src\Application\GameObject\Scene\TitleScene</Filter>
    </ClCompile>
    <ClCompile Include="Src\Application\Scene\BaseScene\BaseScene.cpp">
      <Filter>Src\Application\GameObject\Scene\BaseScene</Filter>
    </ClCompile>
    <ClCompile Include="Src\Application\main.cpp">
      <Filter>Src\Application\GameObject</Filter>
    </ClCompile>
    <ClCompile Include="..\Library\imgui\ImGuiFileDialog.cpp">
      <Filter>Library\imgui</Filter>
    </ClCompile>
    <ClCompile Include="Src\Engine\ImGui\Editor\File\ImGuiFileBrowser.cpp">
      <Filter>Src\Engine\ImGui\Editor\File</Filter>
    </ClCompile>
    <ClCompile Include="Src\Engine\Components\Transform\TransformComponent.cpp">
      <Filter>Src\Engine\Components\Transform</Filter>
    </ClCompile>
    <ClCompile Include="Src\Engine\Components\Render\RenderComponent.cpp">
      <Filter>Src\Engine\Components\Render</Filter>
    </ClCompile>
    <ClCompile Include="Src\Engine\Components\Collider\ColliderComponent.cpp">
      <Filter>Src\Engine\Components\Collider</Filter>
    </ClCompile>
    <ClCompile Include="Src\Engine\Components\Action\Player\ActionPlayerComponent.cpp">
      <Filter>Src\Engine\Components\Action\Player</Filter>
    </ClCompile>
    <ClCompile Include="Src\Engine\ECS\EntityManager.cpp">
      <Filter>Src\Engine\ECS</Filter>
    </ClCompile>
  </ItemGroup>
  <ItemGroup>
    <None Include="Src\Framework\Shader\inc_KdCommon.hlsli">
      <Filter>Src\Framework\Shader</Filter>
    </None>
    <None Include="Src\Framework\Shader\SpriteShader\inc_KdSpriteShader.hlsli">
      <Filter>Src\Framework\Shader\SpriteShader</Filter>
    </None>
    <None Include="Src\Framework\Shader\PostProcessShader\inc_KdPostProcessShader.hlsli">
      <Filter>Src\Framework\Shader\PostProcessShader</Filter>
    </None>
    <None Include="Src\Framework\Shader\StandardShader\inc_KdStandardShader.hlsli">
      <Filter>Src\Framework\Shader\StandardShader</Filter>
    </None>
  </ItemGroup>
  <ItemGroup>
    <FxCompile Include="Src\Framework\Shader\SpriteShader\KdSpriteShader_PS.hlsl">
      <Filter>Src\Framework\Shader\SpriteShader</Filter>
    </FxCompile>
    <FxCompile Include="Src\Framework\Shader\SpriteShader\KdSpriteShader_VS.hlsl">
      <Filter>Src\Framework\Shader\SpriteShader</Filter>
    </FxCompile>
    <FxCompile Include="Src\Framework\Shader\PostProcessShader\KdPostProcessShader_PS_Blur.hlsl">
      <Filter>Src\Framework\Shader\PostProcessShader</Filter>
    </FxCompile>
    <FxCompile Include="Src\Framework\Shader\PostProcessShader\KdPostProcessShader_VS.hlsl">
      <Filter>Src\Framework\Shader\PostProcessShader</Filter>
    </FxCompile>
    <FxCompile Include="Src\Framework\Shader\PostProcessShader\KdPostProcessShader_PS_DoF.hlsl">
      <Filter>Src\Framework\Shader\PostProcessShader</Filter>
    </FxCompile>
    <FxCompile Include="Src\Framework\Shader\PostProcessShader\KdPostProcessShader_PS_Bright.hlsl">
      <Filter>Src\Framework\Shader\PostProcessShader</Filter>
    </FxCompile>
    <FxCompile Include="Src\Framework\Shader\StandardShader\KdStandardShader_PS_GenDepthMapFromLight.hlsl">
      <Filter>Src\Framework\Shader\StandardShader</Filter>
    </FxCompile>
    <FxCompile Include="Src\Framework\Shader\StandardShader\KdStandardShader_PS_Lit.hlsl">
      <Filter>Src\Framework\Shader\StandardShader</Filter>
    </FxCompile>
    <FxCompile Include="Src\Framework\Shader\StandardShader\KdStandardShader_PS_UnLit.hlsl">
      <Filter>Src\Framework\Shader\StandardShader</Filter>
    </FxCompile>
    <FxCompile Include="Src\Framework\Shader\StandardShader\KdStandardShader_VS_GenDepthMapFromLight.hlsl">
      <Filter>Src\Framework\Shader\StandardShader</Filter>
    </FxCompile>
    <FxCompile Include="Src\Framework\Shader\StandardShader\KdStandardShader_VS_Lit.hlsl">
      <Filter>Src\Framework\Shader\StandardShader</Filter>
    </FxCompile>
    <FxCompile Include="Src\Framework\Shader\StandardShader\KdStandardShader_VS_UnLit.hlsl">
      <Filter>Src\Framework\Shader\StandardShader</Filter>
    </FxCompile>
  </ItemGroup>
</Project>